Microsoft Visual Studio Solution File, Format Version 12.00
# 17
VisualStudioVersion = 17.11.35312.102
MinimumVisualStudioVersion = 10.0.40219.1
Project("{9A19103F-16F7-4668-BE54-9A1E7A4F7556}") = "SectomSharp", "SectomSharp\SectomSharp.csproj", "{0DD688F3-7E0D-49AE-8059-BBB49EAF5459}"
EndProject
Project("{2150E333-8FDC-42A3-9474-1A3956D46DE8}") = "Solution Items", "Solution Items", "{B4B72629-5863-40E5-88F7-543564581FDA}"
	ProjectSection(SolutionItems) = preProject
		.gitattributes = .gitattributes
		.gitignore = .gitignore
		LICENSE.txt = LICENSE.txt
		README.md = README.md
	EndProjectSection
EndProject
Project("{FAE04EC0-301F-11D3-BF4B-00C04F79EFBC}") = "SectomSharp.Data", "SectomSharp.Data\SectomSharp.Data.csproj", "{95CC3F26-C804-4BCC-9071-50AB43A9B18D}"
EndProject
Global
	GlobalSection(SolutionConfigurationPlatforms) = preSolution
		Debug|Any CPU = Debug|Any CPU
		Release|Any CPU = Release|Any CPU
	EndGlobalSection
	GlobalSection(ProjectConfigurationPlatforms) = postSolution
		{0DD688F3-7E0D-49AE-8059-BBB49EAF5459}.Debug|Any CPU.ActiveCfg = Debug|Any CPU
		{0DD688F3-7E0D-49AE-8059-BBB49EAF5459}.Debug|Any CPU.Build.0 = Debug|Any CPU
		{0DD688F3-7E0D-49AE-8059-BBB49EAF5459}.Release|Any CPU.ActiveCfg = Release|Any CPU
		{0DD688F3-7E0D-49AE-8059-BBB49EAF5459}.Release|Any CPU.Build.0 = Release|Any CPU
		{95CC3F26-C804-4BCC-9071-50AB43A9B18D}.Debug|Any CPU.ActiveCfg = Debug|Any CPU
		{95CC3F26-C804-4BCC-9071-50AB43A9B18D}.Debug|Any CPU.Build.0 = Debug|Any CPU
		{95CC3F26-C804-4BCC-9071-50AB43A9B18D}.Release|Any CPU.ActiveCfg = Release|Any CPU
		{95CC3F26-C804-4BCC-9071-50AB43A9B18D}.Release|Any CPU.Build.0 = Release|Any CPU
	EndGlobalSection
	GlobalSection(SolutionProperties) = preSolution
		HideSolutionNode = FALSE
	EndGlobalSection
	GlobalSection(ExtensibilityGlobals) = postSolution
		SolutionGuid = {ADC52D87-1F55-4806-8C87-716AFB639945}
	EndGlobalSection
EndGlobal
